
Microsoft Visual Studio Solution File, Format Version 12.00
# Visual Studio 15
VisualStudioVersion = 15.0.26124.0
MinimumVisualStudioVersion = 15.0.26124.0
Project("{FAE04EC0-301F-11D3-BF4B-00C04F79EFBC}") = "NutsAndBolts.data", "NutsAndBolts.Data\NutsAndBolts.data.csproj", "{190E4CC6-1663-4844-AF5F-CA88E7AC6C84}"
EndProject
Project("{FAE04EC0-301F-11D3-BF4B-00C04F79EFBC}") = "NutsAndBolts.Services", "NutsAndBolts.Services\NutsAndBolts.Services.csproj", "{E0EF7C1C-E6F8-4550-A6E1-6EE55EDC2F31}"
EndProject
Project("{FAE04EC0-301F-11D3-BF4B-00C04F79EFBC}") = "NutsAndBolts.web", "NutsAndBolts.Web\NutsAndBolts.web.csproj", "{FB2760F7-F9BE-439B-A42E-70181E115A19}"
EndProject
Project("{FAE04EC0-301F-11D3-BF4B-00C04F79EFBC}") = "NutsAndBolts.Test", "NutsAndBolts.Test\NutsAndBolts.Test.csproj", "{08BD32CD-86DA-453A-A62C-2F8FE77E9145}"
EndProject
Global
	GlobalSection(SolutionConfigurationPlatforms) = preSolution
		Debug|Any CPU = Debug|Any CPU
		Debug|x64 = Debug|x64
		Debug|x86 = Debug|x86
		Release|Any CPU = Release|Any CPU
		Release|x64 = Release|x64
		Release|x86 = Release|x86
	EndGlobalSection
	GlobalSection(SolutionProperties) = preSolution
		HideSolutionNode = FALSE
	EndGlobalSection
	GlobalSection(ProjectConfigurationPlatforms) = postSolution
		{190E4CC6-1663-4844-AF5F-CA88E7AC6C84}.Debug|Any CPU.ActiveCfg = Debug|Any CPU
		{190E4CC6-1663-4844-AF5F-CA88E7AC6C84}.Debug|Any CPU.Build.0 = Debug|Any CPU
		{190E4CC6-1663-4844-AF5F-CA88E7AC6C84}.Debug|x64.ActiveCfg = Debug|Any CPU
		{190E4CC6-1663-4844-AF5F-CA88E7AC6C84}.Debug|x64.Build.0 = Debug|Any CPU
		{190E4CC6-1663-4844-AF5F-CA88E7AC6C84}.Debug|x86.ActiveCfg = Debug|Any CPU
		{190E4CC6-1663-4844-AF5F-CA88E7AC6C84}.Debug|x86.Build.0 = Debug|Any CPU
		{190E4CC6-1663-4844-AF5F-CA88E7AC6C84}.Release|Any CPU.ActiveCfg = Release|Any CPU
		{190E4CC6-1663-4844-AF5F-CA88E7AC6C84}.Release|Any CPU.Build.0 = Release|Any CPU
		{190E4CC6-1663-4844-AF5F-CA88E7AC6C84}.Release|x64.ActiveCfg = Release|Any CPU
		{190E4CC6-1663-4844-AF5F-CA88E7AC6C84}.Release|x64.Build.0 = Release|Any CPU
		{190E4CC6-1663-4844-AF5F-CA88E7AC6C84}.Release|x86.ActiveCfg = Release|Any CPU
		{190E4CC6-1663-4844-AF5F-CA88E7AC6C84}.Release|x86.Build.0 = Release|Any CPU
		{E0EF7C1C-E6F8-4550-A6E1-6EE55EDC2F31}.Debug|Any CPU.ActiveCfg = Debug|Any CPU
		{E0EF7C1C-E6F8-4550-A6E1-6EE55EDC2F31}.Debug|Any CPU.Build.0 = Debug|Any CPU
		{E0EF7C1C-E6F8-4550-A6E1-6EE55EDC2F31}.Debug|x64.ActiveCfg = Debug|Any CPU
		{E0EF7C1C-E6F8-4550-A6E1-6EE55EDC2F31}.Debug|x64.Build.0 = Debug|Any CPU
		{E0EF7C1C-E6F8-4550-A6E1-6EE55EDC2F31}.Debug|x86.ActiveCfg = Debug|Any CPU
		{E0EF7C1C-E6F8-4550-A6E1-6EE55EDC2F31}.Debug|x86.Build.0 = Debug|Any CPU
		{E0EF7C1C-E6F8-4550-A6E1-6EE55EDC2F31}.Release|Any CPU.ActiveCfg = Release|Any CPU
		{E0EF7C1C-E6F8-4550-A6E1-6EE55EDC2F31}.Release|Any CPU.Build.0 = Release|Any CPU
		{E0EF7C1C-E6F8-4550-A6E1-6EE55EDC2F31}.Release|x64.ActiveCfg = Release|Any CPU
		{E0EF7C1C-E6F8-4550-A6E1-6EE55EDC2F31}.Release|x64.Build.0 = Release|Any CPU
		{E0EF7C1C-E6F8-4550-A6E1-6EE55EDC2F31}.Release|x86.ActiveCfg = Release|Any CPU
		{E0EF7C1C-E6F8-4550-A6E1-6EE55EDC2F31}.Release|x86.Build.0 = Release|Any CPU
		{FB2760F7-F9BE-439B-A42E-70181E115A19}.Debug|Any CPU.ActiveCfg = Debug|Any CPU
		{FB2760F7-F9BE-439B-A42E-70181E115A19}.Debug|Any CPU.Build.0 = Debug|Any CPU
		{FB2760F7-F9BE-439B-A42E-70181E115A19}.Debug|x64.ActiveCfg = Debug|Any CPU
		{FB2760F7-F9BE-439B-A42E-70181E115A19}.Debug|x64.Build.0 = Debug|Any CPU
		{FB2760F7-F9BE-439B-A42E-70181E115A19}.Debug|x86.ActiveCfg = Debug|Any CPU
		{FB2760F7-F9BE-439B-A42E-70181E115A19}.Debug|x86.Build.0 = Debug|Any CPU
		{FB2760F7-F9BE-439B-A42E-70181E115A19}.Release|Any CPU.ActiveCfg = Release|Any CPU
		{FB2760F7-F9BE-439B-A42E-70181E115A19}.Release|Any CPU.Build.0 = Release|Any CPU
		{FB2760F7-F9BE-439B-A42E-70181E115A19}.Release|x64.ActiveCfg = Release|Any CPU
		{FB2760F7-F9BE-439B-A42E-70181E115A19}.Release|x64.Build.0 = Release|Any CPU
		{FB2760F7-F9BE-439B-A42E-70181E115A19}.Release|x86.ActiveCfg = Release|Any CPU
		{FB2760F7-F9BE-439B-A42E-70181E115A19}.Release|x86.Build.0 = Release|Any CPU
		{08BD32CD-86DA-453A-A62C-2F8FE77E9145}.Debug|Any CPU.ActiveCfg = Debug|Any CPU
		{08BD32CD-86DA-453A-A62C-2F8FE77E9145}.Debug|Any CPU.Build.0 = Debug|Any CPU
		{08BD32CD-86DA-453A-A62C-2F8FE77E9145}.Debug|x64.ActiveCfg = Debug|Any CPU
		{08BD32CD-86DA-453A-A62C-2F8FE77E9145}.Debug|x64.Build.0 = Debug|Any CPU
		{08BD32CD-86DA-453A-A62C-2F8FE77E9145}.Debug|x86.ActiveCfg = Debug|Any CPU
		{08BD32CD-86DA-453A-A62C-2F8FE77E9145}.Debug|x86.Build.0 = Debug|Any CPU
		{08BD32CD-86DA-453A-A62C-2F8FE77E9145}.Release|Any CPU.ActiveCfg = Release|Any CPU
		{08BD32CD-86DA-453A-A62C-2F8FE77E9145}.Release|Any CPU.Build.0 = Release|Any CPU
		{08BD32CD-86DA-453A-A62C-2F8FE77E9145}.Release|x64.ActiveCfg = Release|Any CPU
		{08BD32CD-86DA-453A-A62C-2F8FE77E9145}.Release|x64.Build.0 = Release|Any CPU
		{08BD32CD-86DA-453A-A62C-2F8FE77E9145}.Release|x86.ActiveCfg = Release|Any CPU
		{08BD32CD-86DA-453A-A62C-2F8FE77E9145}.Release|x86.Build.0 = Release|Any CPU
	EndGlobalSection
EndGlobal
